{
  "requires": true,
  "lockfileVersion": 1,
  "dependencies": {
    "@tensorflow/tfjs": {
      "version": "0.11.1",
      "resolved": "http://registry.npm.taobao.org/@tensorflow/tfjs/download/@tensorflow/tfjs-0.11.1.tgz",
      "integrity": "sha1-zPChIwCiIB0oHWeCiGIIDPLQw6c=",
      "requires": {
        "@tensorflow/tfjs-core": "0.11.0",
        "@tensorflow/tfjs-layers": "0.6.1"
      }
    },
    "@tensorflow/tfjs-core": {
      "version": "0.11.0",
      "resolved": "http://registry.npm.taobao.org/@tensorflow/tfjs-core/download/@tensorflow/tfjs-core-0.11.0.tgz",
      "integrity": "sha1-0RLqQ6MaY5WCx46RoIS1SU3sU/A=",
      "requires": {
        "seedrandom": "~2.4.3"
      }
    },
    "@tensorflow/tfjs-layers": {
      "version": "0.6.1",
      "resolved": "http://registry.npm.taobao.org/@tensorflow/tfjs-layers/download/@tensorflow/tfjs-layers-0.6.1.tgz",
      "integrity": "sha1-/QJB/LHO30I3mTXOpCseLepi89Q="
    },
    "seedrandom": {
      "version": "2.4.3",
      "resolved": "http://registry.npm.taobao.org/seedrandom/download/seedrandom-2.4.3.tgz",
      "integrity": "sha1-JDhQTa0zkXMUv/GKxNeU8W1qrsw="
    }
  }
}
